
Microsoft Visual Studio Solution File, Format Version 12.00
# Visual Studio 15
VisualStudioVersion = 15.0.26228.4
MinimumVisualStudioVersion = 10.0.40219.1
Project("{FAE04EC0-301F-11D3-BF4B-00C04F79EFBC}") = "FilesTracker", "LinqSamples\FilesTracker.csproj", "{4CF0E113-57C1-4025-81FC-234687874646}"
EndProject
Project("{FAE04EC0-301F-11D3-BF4B-00C04F79EFBC}") = "Features", "Features\Features.csproj", "{07697682-F12D-47F6-887E-7418AE0667C3}"
EndProject
Project("{FAE04EC0-301F-11D3-BF4B-00C04F79EFBC}") = "Queries", "Queries\Queries.csproj", "{DCBB9DFC-085D-468A-B698-1DF2F672B405}"
EndProject
Global
	GlobalSection(SolutionConfigurationPlatforms) = preSolution
		Debug|Any CPU = Debug|Any CPU
		Release|Any CPU = Release|Any CPU
	EndGlobalSection
	GlobalSection(ProjectConfigurationPlatforms) = postSolution
		{4CF0E113-57C1-4025-81FC-234687874646}.Debug|Any CPU.ActiveCfg = Debug|Any CPU
		{4CF0E113-57C1-4025-81FC-234687874646}.Debug|Any CPU.Build.0 = Debug|Any CPU
		{4CF0E113-57C1-4025-81FC-234687874646}.Release|Any CPU.ActiveCfg = Release|Any CPU
		{4CF0E113-57C1-4025-81FC-234687874646}.Release|Any CPU.Build.0 = Release|Any CPU
		{07697682-F12D-47F6-887E-7418AE0667C3}.Debug|Any CPU.ActiveCfg = Debug|Any CPU
		{07697682-F12D-47F6-887E-7418AE0667C3}.Debug|Any CPU.Build.0 = Debug|Any CPU
		{07697682-F12D-47F6-887E-7418AE0667C3}.Release|Any CPU.ActiveCfg = Release|Any CPU
		{07697682-F12D-47F6-887E-7418AE0667C3}.Release|Any CPU.Build.0 = Release|Any CPU
		{DCBB9DFC-085D-468A-B698-1DF2F672B405}.Debug|Any CPU.ActiveCfg = Debug|Any CPU
		{DCBB9DFC-085D-468A-B698-1DF2F672B405}.Debug|Any CPU.Build.0 = Debug|Any CPU
		{DCBB9DFC-085D-468A-B698-1DF2F672B405}.Release|Any CPU.ActiveCfg = Release|Any CPU
		{DCBB9DFC-085D-468A-B698-1DF2F672B405}.Release|Any CPU.Build.0 = Release|Any CPU
	EndGlobalSection
	GlobalSection(SolutionProperties) = preSolution
		HideSolutionNode = FALSE
	EndGlobalSection
	GlobalSection(ExtensibilityGlobals) = postSolution
		SolutionGuid = {C1358F24-4DD6-4805-A12C-9947B2F767F0}
	EndGlobalSection
EndGlobal
